
Microsoft Visual Studio Solution File, Format Version 12.00
# Visual Studio Version 17
VisualStudioVersion = 17.8.34525.116
MinimumVisualStudioVersion = 10.0.40219.1
Project("{FAE04EC0-301F-11D3-BF4B-00C04F79EFBC}") = "RELaba6Sem2", "RELaba6Sem2\RELaba6Sem2.csproj", "{25A9C5D6-107E-46E3-9C0C-86FECF8442C1}"
EndProject
Global
	GlobalSection(SolutionConfigurationPlatforms) = preSolution
		Debug|Any CPU = Debug|Any CPU
		Release|Any CPU = Release|Any CPU
	EndGlobalSection
	GlobalSection(ProjectConfigurationPlatforms) = postSolution
		{25A9C5D6-107E-46E3-9C0C-86FECF8442C1}.Debug|Any CPU.ActiveCfg = Debug|Any CPU
		{25A9C5D6-107E-46E3-9C0C-86FECF8442C1}.Debug|Any CPU.Build.0 = Debug|Any CPU
		{25A9C5D6-107E-46E3-9C0C-86FECF8442C1}.Release|Any CPU.ActiveCfg = Release|Any CPU
		{25A9C5D6-107E-46E3-9C0C-86FECF8442C1}.Release|Any CPU.Build.0 = Release|Any CPU
	EndGlobalSection
	GlobalSection(SolutionProperties) = preSolution
		HideSolutionNode = FALSE
	EndGlobalSection
	GlobalSection(ExtensibilityGlobals) = postSolution
		SolutionGuid = {65AC3CD1-4654-4006-9825-E82757363743}
	EndGlobalSection
EndGlobal
